
Microsoft Visual Studio Solution File, Format Version 12.00
# Visual Studio Version 16
VisualStudioVersion = 16.0.30621.155
MinimumVisualStudioVersion = 10.0.40219.1
Project("{FAE04EC0-301F-11D3-BF4B-00C04F79EFBC}") = "Lab_7_Test_Interface_1", "Lab_7_Test_Interface_1\Lab_7_Test_Interface_1.csproj", "{6DEBC6E1-E7C9-402F-88D9-830D891786E6}"
EndProject
Global
	GlobalSection(SolutionConfigurationPlatforms) = preSolution
		Debug|Any CPU = Debug|Any CPU
		Release|Any CPU = Release|Any CPU
	EndGlobalSection
	GlobalSection(ProjectConfigurationPlatforms) = postSolution
		{6DEBC6E1-E7C9-402F-88D9-830D891786E6}.Debug|Any CPU.ActiveCfg = Debug|Any CPU
		{6DEBC6E1-E7C9-402F-88D9-830D891786E6}.Debug|Any CPU.Build.0 = Debug|Any CPU
		{6DEBC6E1-E7C9-402F-88D9-830D891786E6}.Release|Any CPU.ActiveCfg = Release|Any CPU
		{6DEBC6E1-E7C9-402F-88D9-830D891786E6}.Release|Any CPU.Build.0 = Release|Any CPU
	EndGlobalSection
	GlobalSection(SolutionProperties) = preSolution
		HideSolutionNode = FALSE
	EndGlobalSection
	GlobalSection(ExtensibilityGlobals) = postSolution
		SolutionGuid = {96872687-60D9-4612-8824-1B9A433085CD}
	EndGlobalSection
EndGlobal
